// !$*UTF8*$!
{
	archiveVersion = 1;
	classes = {
	};
	objectVersion = 77;
	objects = {

/* Begin PBXBuildFile section */
		0956F0D427D18F036CFBC5C7 /* BreakOverlayWindow.swift in Sources */ = {isa = PBXBuildFile; fileRef = BA94545000C7EEE1ACAEECBD /* BreakOverlayWindow.swift */; };
		2347A3B7382C921F6715D942 /* Assets.xcassets in Resources */ = {isa = PBXBuildFile; fileRef = 47876915AD05FEB6B8821711 /* Assets.xcassets */; };
		240740D7FB90391067C0E823 /* TimeSlider.swift in Sources */ = {isa = PBXBuildFile; fileRef = 9E10BD2D48318D36B4FA593B /* TimeSlider.swift */; };
		3604AD90990336567FA8F281 /* L10n.swift in Sources */ = {isa = PBXBuildFile; fileRef = 93591F7A907F79C428A441F7 /* L10n.swift */; };
		3605022D799FEA4FF56FEFB1 /* catbreak.txt in Resources */ = {isa = PBXBuildFile; fileRef = 356F0517838579473438938C /* catbreak.txt */; };
		3808F31F8CCFBD8C7ED7B0A8 /* Localizable.strings in Resources */ = {isa = PBXBuildFile; fileRef = 3367BDDD75C151BE2C8A6CE9 /* Localizable.strings */; };
		5A8D661D547AF915B60A7D16 /* catbreak-en.txt in Resources */ = {isa = PBXBuildFile; fileRef = DF761F5618C149647AE0DF18 /* catbreak-en.txt */; };
		5C96CEEF39B0C1993CF62C0B /* Logger.swift in Sources */ = {isa = PBXBuildFile; fileRef = B642913F125678A18670439E /* Logger.swift */; };
		6BAF9CFFC54F2BF49FFC0BA7 /* InfoPlist.strings in Resources */ = {isa = PBXBuildFile; fileRef = 28988BE8DBB91C5EF3413CC5 /* InfoPlist.strings */; };
		713D20040CB09EDE0DBAD2CF /* PrivacyInfo.xcprivacy in Resources */ = {isa = PBXBuildFile; fileRef = DA0576671F4CF53A0A4BD74C /* PrivacyInfo.xcprivacy */; };
		75EF58EFA3DCBAFE011C85F9 /* BreakOverlayState.swift in Sources */ = {isa = PBXBuildFile; fileRef = E8ADA7083CCE8B28DEE75D47 /* BreakOverlayState.swift */; };
		77C552C5F358447BF9797A1E /* QuoteStore.swift in Sources */ = {isa = PBXBuildFile; fileRef = 27BD71C598F51D75B6707D3F /* QuoteStore.swift */; };
		7E7ACB2268D3FE70CACA09D3 /* SettingsStore.swift in Sources */ = {isa = PBXBuildFile; fileRef = CD05F1B8869C845AA648C740 /* SettingsStore.swift */; };
		9DF60FADA960AB7097C517BF /* AppDelegate.swift in Sources */ = {isa = PBXBuildFile; fileRef = D4E221A9717BA0283930E85E /* AppDelegate.swift */; };
		A8C6FFFAB332AEBA13611CD9 /* MuteCapability.swift in Sources */ = {isa = PBXBuildFile; fileRef = 6208D315E8A5AC57DE21D691 /* MuteCapability.swift */; };
		AC72A7AF71DBC3B7AFFF86DA /* catbreak.jpg in Resources */ = {isa = PBXBuildFile; fileRef = C0A4D9F7D48197507CB4E05A /* catbreak.jpg */; };
		B6E9E86F43EF988F0BA53733 /* CatOverlayView.swift in Sources */ = {isa = PBXBuildFile; fileRef = 27B48E472EE768199EC15423 /* CatOverlayView.swift */; };
		BEB8ABE64350360A75427D20 /* AppIcon.icns in Resources */ = {isa = PBXBuildFile; fileRef = 764B5D514987DEECF3C98F96 /* AppIcon.icns */; };
		D20ED405B1BC37B28AE308EF /* SandboxChecker.swift in Sources */ = {isa = PBXBuildFile; fileRef = 878BB801BF77BEC24AB4080A /* SandboxChecker.swift */; };
		D7421FCB594BEBC0930E4A86 /* ContentView.swift in Sources */ = {isa = PBXBuildFile; fileRef = E1118F1D012EF7D7BA28C562 /* ContentView.swift */; };
		EAFA4F2CC0015DCA28AD2CCA /* MicrophoneDetector.swift in Sources */ = {isa = PBXBuildFile; fileRef = 795FBB60F7C1709E8B93E027 /* MicrophoneDetector.swift */; };
		EB20D2912127EE9C21899690 /* 安装说明.txt in Resources */ = {isa = PBXBuildFile; fileRef = 055681DAC286773A2CB8EB54 /* 安装说明.txt */; };
		F4C9C7D76A8D42F300B21EE7 /* LanguageManager.swift in Sources */ = {isa = PBXBuildFile; fileRef = 3620C6AEF6F6878F8B6489B8 /* LanguageManager.swift */; };
		F51909BD77DF1D3D61FD3610 /* ActivityMonitor.swift in Sources */ = {isa = PBXBuildFile; fileRef = 70BC8939B632896794C72F3C /* ActivityMonitor.swift */; };
		F84FC1C0F9E49055B22B1DAB /* TimerManager.swift in Sources */ = {isa = PBXBuildFile; fileRef = 10E8F0915FFB4D37473D33C1 /* TimerManager.swift */; };
		FDA1171684647A414B9D1D9B /* main.swift in Sources */ = {isa = PBXBuildFile; fileRef = 58B908301B601D72C4CB10B9 /* main.swift */; };
/* End PBXBuildFile section */

/* Begin PBXFileReference section */
		055681DAC286773A2CB8EB54 /* 安装说明.txt */ = {isa = PBXFileReference; lastKnownFileType = text; path = "安装说明.txt"; sourceTree = "<group>"; };
		07D4FC93E7E6E3A4331B7E4A /* en */ = {isa = PBXFileReference; lastKnownFileType = text.plist.strings; name = en; path = en.lproj/Localizable.strings; sourceTree = "<group>"; };
		10E8F0915FFB4D37473D33C1 /* TimerManager.swift */ = {isa = PBXFileReference; lastKnownFileType = sourcecode.swift; path = TimerManager.swift; sourceTree = "<group>"; };
		11F02B082270269BBEB37150 /* en */ = {isa = PBXFileReference; lastKnownFileType = text.plist.strings; name = en; path = en.lproj/InfoPlist.strings; sourceTree = "<group>"; };
		27B48E472EE768199EC15423 /* CatOverlayView.swift */ = {isa = PBXFileReference; lastKnownFileType = sourcecode.swift; path = CatOverlayView.swift; sourceTree = "<group>"; };
		27BD71C598F51D75B6707D3F /* QuoteStore.swift */ = {isa = PBXFileReference; lastKnownFileType = sourcecode.swift; path = QuoteStore.swift; sourceTree = "<group>"; };
		328D7F7A549E71CB9F0E729F /* Info.plist */ = {isa = PBXFileReference; lastKnownFileType = text.plist; path = Info.plist; sourceTree = "<group>"; };
		356F0517838579473438938C /* catbreak.txt */ = {isa = PBXFileReference; lastKnownFileType = text; path = catbreak.txt; sourceTree = "<group>"; };
		3620C6AEF6F6878F8B6489B8 /* LanguageManager.swift */ = {isa = PBXFileReference; lastKnownFileType = sourcecode.swift; path = LanguageManager.swift; sourceTree = "<group>"; };
		47876915AD05FEB6B8821711 /* Assets.xcassets */ = {isa = PBXFileReference; lastKnownFileType = folder.assetcatalog; path = Assets.xcassets; sourceTree = "<group>"; };
		4C18D7476BAC365F8C9582E0 /* zh-Hans */ = {isa = PBXFileReference; lastKnownFileType = text.plist.strings; name = "zh-Hans"; path = "zh-Hans.lproj/Localizable.strings"; sourceTree = "<group>"; };
		5547EC11AA398DB017131A74 /* CatBreak.app */ = {isa = PBXFileReference; explicitFileType = wrapper.application; includeInIndex = 0; path = CatBreak.app; sourceTree = BUILT_PRODUCTS_DIR; };
		58B908301B601D72C4CB10B9 /* main.swift */ = {isa = PBXFileReference; lastKnownFileType = sourcecode.swift; path = main.swift; sourceTree = "<group>"; };
		60AA1CE128175232B9F85D72 /* CatBreak.entitlements */ = {isa = PBXFileReference; lastKnownFileType = text.plist.entitlements; path = CatBreak.entitlements; sourceTree = "<group>"; };
		6208D315E8A5AC57DE21D691 /* MuteCapability.swift */ = {isa = PBXFileReference; lastKnownFileType = sourcecode.swift; path = MuteCapability.swift; sourceTree = "<group>"; };
		70BC8939B632896794C72F3C /* ActivityMonitor.swift */ = {isa = PBXFileReference; lastKnownFileType = sourcecode.swift; path = ActivityMonitor.swift; sourceTree = "<group>"; };
		764B5D514987DEECF3C98F96 /* AppIcon.icns */ = {isa = PBXFileReference; lastKnownFileType = image.icns; path = AppIcon.icns; sourceTree = "<group>"; };
		795FBB60F7C1709E8B93E027 /* MicrophoneDetector.swift */ = {isa = PBXFileReference; lastKnownFileType = sourcecode.swift; path = MicrophoneDetector.swift; sourceTree = "<group>"; };
		878BB801BF77BEC24AB4080A /* SandboxChecker.swift */ = {isa = PBXFileReference; lastKnownFileType = sourcecode.swift; path = SandboxChecker.swift; sourceTree = "<group>"; };
		93591F7A907F79C428A441F7 /* L10n.swift */ = {isa = PBXFileReference; lastKnownFileType = sourcecode.swift; path = L10n.swift; sourceTree = "<group>"; };
		9E10BD2D48318D36B4FA593B /* TimeSlider.swift */ = {isa = PBXFileReference; lastKnownFileType = sourcecode.swift; path = TimeSlider.swift; sourceTree = "<group>"; };
		A93BA6CDEA3035A2B1C60A69 /* zh-Hans */ = {isa = PBXFileReference; lastKnownFileType = text.plist.strings; name = "zh-Hans"; path = "zh-Hans.lproj/InfoPlist.strings"; sourceTree = "<group>"; };
		B642913F125678A18670439E /* Logger.swift */ = {isa = PBXFileReference; lastKnownFileType = sourcecode.swift; path = Logger.swift; sourceTree = "<group>"; };
		BA94545000C7EEE1ACAEECBD /* BreakOverlayWindow.swift */ = {isa = PBXFileReference; lastKnownFileType = sourcecode.swift; path = BreakOverlayWindow.swift; sourceTree = "<group>"; };
		C0A4D9F7D48197507CB4E05A /* catbreak.jpg */ = {isa = PBXFileReference; lastKnownFileType = image.jpeg; path = catbreak.jpg; sourceTree = "<group>"; };
		CD05F1B8869C845AA648C740 /* SettingsStore.swift */ = {isa = PBXFileReference; lastKnownFileType = sourcecode.swift; path = SettingsStore.swift; sourceTree = "<group>"; };
		D4E221A9717BA0283930E85E /* AppDelegate.swift */ = {isa = PBXFileReference; lastKnownFileType = sourcecode.swift; path = AppDelegate.swift; sourceTree = "<group>"; };
		DA0576671F4CF53A0A4BD74C /* PrivacyInfo.xcprivacy */ = {isa = PBXFileReference; path = PrivacyInfo.xcprivacy; sourceTree = "<group>"; };
		DF761F5618C149647AE0DF18 /* catbreak-en.txt */ = {isa = PBXFileReference; lastKnownFileType = text; path = "catbreak-en.txt"; sourceTree = "<group>"; };
		E1118F1D012EF7D7BA28C562 /* ContentView.swift */ = {isa = PBXFileReference; lastKnownFileType = sourcecode.swift; path = ContentView.swift; sourceTree = "<group>"; };
		E8ADA7083CCE8B28DEE75D47 /* BreakOverlayState.swift */ = {isa = PBXFileReference; lastKnownFileType = sourcecode.swift; path = BreakOverlayState.swift; sourceTree = "<group>"; };
/* End PBXFileReference section */

/* Begin PBXGroup section */
		1D165B5D87CC175AC736DB09 /* Products */ = {
			isa = PBXGroup;
			children = (
				5547EC11AA398DB017131A74 /* CatBreak.app */,
			);
			name = Products;
			sourceTree = "<group>";
		};
		5BE08FA555D679176AA8E954 = {
			isa = PBXGroup;
			children = (
				DD5ADF9FF2C48EB84330E6DB /* CatBreak */,
				7CCF15BF372FB112A582707D /* Resources */,
				1D165B5D87CC175AC736DB09 /* Products */,
			);
			sourceTree = "<group>";
		};
		7CCF15BF372FB112A582707D /* Resources */ = {
			isa = PBXGroup;
			children = (
				055681DAC286773A2CB8EB54 /* 安装说明.txt */,
				764B5D514987DEECF3C98F96 /* AppIcon.icns */,
				47876915AD05FEB6B8821711 /* Assets.xcassets */,
				DF761F5618C149647AE0DF18 /* catbreak-en.txt */,
				60AA1CE128175232B9F85D72 /* CatBreak.entitlements */,
				C0A4D9F7D48197507CB4E05A /* catbreak.jpg */,
				356F0517838579473438938C /* catbreak.txt */,
				328D7F7A549E71CB9F0E729F /* Info.plist */,
				DA0576671F4CF53A0A4BD74C /* PrivacyInfo.xcprivacy */,
				28988BE8DBB91C5EF3413CC5 /* InfoPlist.strings */,
				3367BDDD75C151BE2C8A6CE9 /* Localizable.strings */,
			);
			path = Resources;
			sourceTree = "<group>";
		};
		DD5ADF9FF2C48EB84330E6DB /* CatBreak */ = {
			isa = PBXGroup;
			children = (
				70BC8939B632896794C72F3C /* ActivityMonitor.swift */,
				D4E221A9717BA0283930E85E /* AppDelegate.swift */,
				E8ADA7083CCE8B28DEE75D47 /* BreakOverlayState.swift */,
				BA94545000C7EEE1ACAEECBD /* BreakOverlayWindow.swift */,
				27B48E472EE768199EC15423 /* CatOverlayView.swift */,
				E1118F1D012EF7D7BA28C562 /* ContentView.swift */,
				93591F7A907F79C428A441F7 /* L10n.swift */,
				3620C6AEF6F6878F8B6489B8 /* LanguageManager.swift */,
				B642913F125678A18670439E /* Logger.swift */,
				58B908301B601D72C4CB10B9 /* main.swift */,
				795FBB60F7C1709E8B93E027 /* MicrophoneDetector.swift */,
				6208D315E8A5AC57DE21D691 /* MuteCapability.swift */,
				27BD71C598F51D75B6707D3F /* QuoteStore.swift */,
				878BB801BF77BEC24AB4080A /* SandboxChecker.swift */,
				CD05F1B8869C845AA648C740 /* SettingsStore.swift */,
				10E8F0915FFB4D37473D33C1 /* TimerManager.swift */,
				9E10BD2D48318D36B4FA593B /* TimeSlider.swift */,
			);
			name = CatBreak;
			path = Sources/CatBreak;
			sourceTree = "<group>";
		};
/* End PBXGroup section */

/* Begin PBXNativeTarget section */
		82D257A85224C99718A4F5E4 /* CatBreak */ = {
			isa = PBXNativeTarget;
			buildConfigurationList = BCD92BE2F6D8D5990C42F87C /* Build configuration list for PBXNativeTarget "CatBreak" */;
			buildPhases = (
				7BEEB5027676110E7879D471 /* Sources */,
				4FDA02DD6F0F8BFCA8FCD573 /* Resources */,
			);
			buildRules = (
			);
			dependencies = (
			);
			name = CatBreak;
			packageProductDependencies = (
			);
			productName = CatBreak;
			productReference = 5547EC11AA398DB017131A74 /* CatBreak.app */;
			productType = "com.apple.product-type.application";
		};
/* End PBXNativeTarget section */

/* Begin PBXProject section */
		43B8BF694B744F1E9158CDB3 /* Project object */ = {
			isa = PBXProject;
			attributes = {
				BuildIndependentTargetsInParallel = YES;
				LastUpgradeCheck = 1500;
				TargetAttributes = {
					82D257A85224C99718A4F5E4 = {
						ProvisioningStyle = Manual;
					};
				};
			};
			buildConfigurationList = C5AA5435E1AFB19962F825A5 /* Build configuration list for PBXProject "CatBreak" */;
			developmentRegion = "zh-Hans";
			hasScannedForEncodings = 0;
			knownRegions = (
				Base,
				en,
				"zh-Hans",
			);
			mainGroup = 5BE08FA555D679176AA8E954;
			minimizedProjectReferenceProxies = 1;
			preferredProjectObjectVersion = 77;
			productRefGroup = 1D165B5D87CC175AC736DB09 /* Products */;
			projectDirPath = "";
			projectRoot = "";
			targets = (
				82D257A85224C99718A4F5E4 /* CatBreak */,
			);
		};
/* End PBXProject section */

/* Begin PBXResourcesBuildPhase section */
		4FDA02DD6F0F8BFCA8FCD573 /* Resources */ = {
			isa = PBXResourcesBuildPhase;
			buildActionMask = 2147483647;
			files = (
				BEB8ABE64350360A75427D20 /* AppIcon.icns in Resources */,
				2347A3B7382C921F6715D942 /* Assets.xcassets in Resources */,
				6BAF9CFFC54F2BF49FFC0BA7 /* InfoPlist.strings in Resources */,
				3808F31F8CCFBD8C7ED7B0A8 /* Localizable.strings in Resources */,
				713D20040CB09EDE0DBAD2CF /* PrivacyInfo.xcprivacy in Resources */,
				5A8D661D547AF915B60A7D16 /* catbreak-en.txt in Resources */,
				AC72A7AF71DBC3B7AFFF86DA /* catbreak.jpg in Resources */,
				3605022D799FEA4FF56FEFB1 /* catbreak.txt in Resources */,
				EB20D2912127EE9C21899690 /* 安装说明.txt in Resources */,
			);
			runOnlyForDeploymentPostprocessing = 0;
		};
/* End PBXResourcesBuildPhase section */

/* Begin PBXSourcesBuildPhase section */
		7BEEB5027676110E7879D471 /* Sources */ = {
			isa = PBXSourcesBuildPhase;
			buildActionMask = 2147483647;
			files = (
				F51909BD77DF1D3D61FD3610 /* ActivityMonitor.swift in Sources */,
				9DF60FADA960AB7097C517BF /* AppDelegate.swift in Sources */,
				75EF58EFA3DCBAFE011C85F9 /* BreakOverlayState.swift in Sources */,
				0956F0D427D18F036CFBC5C7 /* BreakOverlayWindow.swift in Sources */,
				B6E9E86F43EF988F0BA53733 /* CatOverlayView.swift in Sources */,
				D7421FCB594BEBC0930E4A86 /* ContentView.swift in Sources */,
				3604AD90990336567FA8F281 /* L10n.swift in Sources */,
				F4C9C7D76A8D42F300B21EE7 /* LanguageManager.swift in Sources */,
				5C96CEEF39B0C1993CF62C0B /* Logger.swift in Sources */,
				EAFA4F2CC0015DCA28AD2CCA /* MicrophoneDetector.swift in Sources */,
				A8C6FFFAB332AEBA13611CD9 /* MuteCapability.swift in Sources */,
				77C552C5F358447BF9797A1E /* QuoteStore.swift in Sources */,
				D20ED405B1BC37B28AE308EF /* SandboxChecker.swift in Sources */,
				7E7ACB2268D3FE70CACA09D3 /* SettingsStore.swift in Sources */,
				240740D7FB90391067C0E823 /* TimeSlider.swift in Sources */,
				F84FC1C0F9E49055B22B1DAB /* TimerManager.swift in Sources */,
				FDA1171684647A414B9D1D9B /* main.swift in Sources */,
			);
			runOnlyForDeploymentPostprocessing = 0;
		};
/* End PBXSourcesBuildPhase section */

/* Begin PBXVariantGroup section */
		28988BE8DBB91C5EF3413CC5 /* InfoPlist.strings */ = {
			isa = PBXVariantGroup;
			children = (
				11F02B082270269BBEB37150 /* en */,
				A93BA6CDEA3035A2B1C60A69 /* zh-Hans */,
			);
			name = InfoPlist.strings;
			sourceTree = "<group>";
		};
		3367BDDD75C151BE2C8A6CE9 /* Localizable.strings */ = {
			isa = PBXVariantGroup;
			children = (
				07D4FC93E7E6E3A4331B7E4A /* en */,
				4C18D7476BAC365F8C9582E0 /* zh-Hans */,
			);
			name = Localizable.strings;
			sourceTree = "<group>";
		};
/* End PBXVariantGroup section */

/* Begin XCBuildConfiguration section */
		00B0A1C01DC735F3784EF4B4 /* AppStore */ = {
			isa = XCBuildConfiguration;
			buildSettings = {
				ASSETCATALOG_COMPILER_APPICON_NAME = AppIcon;
				CODE_SIGN_ENTITLEMENTS = Configs/CatBreak.dmg.entitlements;
				COMBINE_HIDPI_IMAGES = YES;
				ENABLE_APP_SANDBOX = YES;
				ENABLE_HARDENED_RUNTIME = YES;
				INFOPLIST_FILE = Resources/Info.plist;
				LD_RUNPATH_SEARCH_PATHS = "@executable_path/../Frameworks";
				PRODUCT_BUNDLE_IDENTIFIER = com.catbreak.app;
				SDKROOT = macosx;
				SWIFT_ACTIVE_COMPILATION_CONDITIONS = APPSTORE;
			};
			name = AppStore;
		};
		05F92B8AF8FC8E1184AA3E6A /* Debug */ = {
			isa = XCBuildConfiguration;
			buildSettings = {
				ASSETCATALOG_COMPILER_APPICON_NAME = AppIcon;
				CODE_SIGN_ENTITLEMENTS = Configs/CatBreak.dmg.entitlements;
				COMBINE_HIDPI_IMAGES = YES;
				ENABLE_APP_SANDBOX = NO;
				ENABLE_HARDENED_RUNTIME = YES;
				INFOPLIST_FILE = Resources/Info.plist;
				LD_RUNPATH_SEARCH_PATHS = "@executable_path/../Frameworks";
				PRODUCT_BUNDLE_IDENTIFIER = com.catbreak.app;
				SDKROOT = macosx;
				SWIFT_ACTIVE_COMPILATION_CONDITIONS = DEBUG;
			};
			name = Debug;
		};
		16C149B285BB12880934C825 /* Release */ = {
			isa = XCBuildConfiguration;
			buildSettings = {
				ALWAYS_SEARCH_USER_PATHS = NO;
				CLANG_ANALYZER_NONNULL = YES;
				CLANG_ANALYZER_NUMBER_OBJECT_CONVERSION = YES_AGGRESSIVE;
				CLANG_CXX_LANGUAGE_STANDARD = "gnu++14";
				CLANG_CXX_LIBRARY = "libc++";
				CLANG_ENABLE_MODULES = YES;
				CLANG_ENABLE_OBJC_ARC = YES;
				CLANG_ENABLE_OBJC_WEAK = YES;
				CLANG_WARN_BLOCK_CAPTURE_AUTORELEASING = YES;
				CLANG_WARN_BOOL_CONVERSION = YES;
				CLANG_WARN_COMMA = YES;
				CLANG_WARN_CONSTANT_CONVERSION = YES;
				CLANG_WARN_DEPRECATED_OBJC_IMPLEMENTATIONS = YES;
				CLANG_WARN_DIRECT_OBJC_ISA_USAGE = YES_ERROR;
				CLANG_WARN_DOCUMENTATION_COMMENTS = YES;
				CLANG_WARN_EMPTY_BODY = YES;
				CLANG_WARN_ENUM_CONVERSION = YES;
				CLANG_WARN_INFINITE_RECURSION = YES;
				CLANG_WARN_INT_CONVERSION = YES;
				CLANG_WARN_NON_LITERAL_NULL_CONVERSION = YES;
				CLANG_WARN_OBJC_IMPLICIT_RETAIN_SELF = YES;
				CLANG_WARN_OBJC_LITERAL_CONVERSION = YES;
				CLANG_WARN_OBJC_ROOT_CLASS = YES_ERROR;
				CLANG_WARN_QUOTED_INCLUDE_IN_FRAMEWORK_HEADER = YES;
				CLANG_WARN_RANGE_LOOP_ANALYSIS = YES;
				CLANG_WARN_STRICT_PROTOTYPES = YES;
				CLANG_WARN_SUSPICIOUS_MOVE = YES;
				CLANG_WARN_UNGUARDED_AVAILABILITY = YES_AGGRESSIVE;
				CLANG_WARN_UNREACHABLE_CODE = YES;
				CLANG_WARN__DUPLICATE_METHOD_MATCH = YES;
				CODE_SIGN_IDENTITY = "-";
				CODE_SIGN_STYLE = Manual;
				COMBINE_HIDPI_IMAGES = YES;
				COPY_PHASE_STRIP = NO;
				CURRENT_PROJECT_VERSION = 1;
				DEBUG_INFORMATION_FORMAT = "dwarf-with-dsym";
				ENABLE_HARDENED_RUNTIME = YES;
				ENABLE_NS_ASSERTIONS = NO;
				ENABLE_STRICT_OBJC_MSGSEND = YES;
				GCC_C_LANGUAGE_STANDARD = gnu11;
				GCC_NO_COMMON_BLOCKS = YES;
				GCC_WARN_64_TO_32_BIT_CONVERSION = YES;
				GCC_WARN_ABOUT_RETURN_TYPE = YES_ERROR;
				GCC_WARN_UNDECLARED_SELECTOR = YES;
				GCC_WARN_UNINITIALIZED_AUTOS = YES_AGGRESSIVE;
				GCC_WARN_UNUSED_FUNCTION = YES;
				GCC_WARN_UNUSED_VARIABLE = YES;
				MACOSX_DEPLOYMENT_TARGET = 13.0;
				MARKETING_VERSION = 3.0.0;
				MTL_ENABLE_DEBUG_INFO = NO;
				MTL_FAST_MATH = YES;
				PRODUCT_NAME = CatBreak;
				SDKROOT = macosx;
				SWIFT_COMPILATION_MODE = wholemodule;
				SWIFT_OPTIMIZATION_LEVEL = "-O";
				SWIFT_VERSION = 5.9;
			};
			name = Release;
		};
		6607399F15E36FB7E63F2984 /* Debug */ = {
			isa = XCBuildConfiguration;
			buildSettings = {
				ALWAYS_SEARCH_USER_PATHS = NO;
				CLANG_ANALYZER_NONNULL = YES;
				CLANG_ANALYZER_NUMBER_OBJECT_CONVERSION = YES_AGGRESSIVE;
				CLANG_CXX_LANGUAGE_STANDARD = "gnu++14";
				CLANG_CXX_LIBRARY = "libc++";
				CLANG_ENABLE_MODULES = YES;
				CLANG_ENABLE_OBJC_ARC = YES;
				CLANG_ENABLE_OBJC_WEAK = YES;
				CLANG_WARN_BLOCK_CAPTURE_AUTORELEASING = YES;
				CLANG_WARN_BOOL_CONVERSION = YES;
				CLANG_WARN_COMMA = YES;
				CLANG_WARN_CONSTANT_CONVERSION = YES;
				CLANG_WARN_DEPRECATED_OBJC_IMPLEMENTATIONS = YES;
				CLANG_WARN_DIRECT_OBJC_ISA_USAGE = YES_ERROR;
				CLANG_WARN_DOCUMENTATION_COMMENTS = YES;
				CLANG_WARN_EMPTY_BODY = YES;
				CLANG_WARN_ENUM_CONVERSION = YES;
				CLANG_WARN_INFINITE_RECURSION = YES;
				CLANG_WARN_INT_CONVERSION = YES;
				CLANG_WARN_NON_LITERAL_NULL_CONVERSION = YES;
				CLANG_WARN_OBJC_IMPLICIT_RETAIN_SELF = YES;
				CLANG_WARN_OBJC_LITERAL_CONVERSION = YES;
				CLANG_WARN_OBJC_ROOT_CLASS = YES_ERROR;
				CLANG_WARN_QUOTED_INCLUDE_IN_FRAMEWORK_HEADER = YES;
				CLANG_WARN_RANGE_LOOP_ANALYSIS = YES;
				CLANG_WARN_STRICT_PROTOTYPES = YES;
				CLANG_WARN_SUSPICIOUS_MOVE = YES;
				CLANG_WARN_UNGUARDED_AVAILABILITY = YES_AGGRESSIVE;
				CLANG_WARN_UNREACHABLE_CODE = YES;
				CLANG_WARN__DUPLICATE_METHOD_MATCH = YES;
				CODE_SIGN_IDENTITY = "-";
				CODE_SIGN_STYLE = Manual;
				COMBINE_HIDPI_IMAGES = YES;
				COPY_PHASE_STRIP = NO;
				CURRENT_PROJECT_VERSION = 1;
				DEBUG_INFORMATION_FORMAT = dwarf;
				ENABLE_HARDENED_RUNTIME = YES;
				ENABLE_STRICT_OBJC_MSGSEND = YES;
				ENABLE_TESTABILITY = YES;
				GCC_C_LANGUAGE_STANDARD = gnu11;
				GCC_DYNAMIC_NO_PIC = NO;
				GCC_NO_COMMON_BLOCKS = YES;
				GCC_OPTIMIZATION_LEVEL = 0;
				GCC_PREPROCESSOR_DEFINITIONS = (
					"$(inherited)",
					"DEBUG=1",
				);
				GCC_WARN_64_TO_32_BIT_CONVERSION = YES;
				GCC_WARN_ABOUT_RETURN_TYPE = YES_ERROR;
				GCC_WARN_UNDECLARED_SELECTOR = YES;
				GCC_WARN_UNINITIALIZED_AUTOS = YES_AGGRESSIVE;
				GCC_WARN_UNUSED_FUNCTION = YES;
				GCC_WARN_UNUSED_VARIABLE = YES;
				MACOSX_DEPLOYMENT_TARGET = 13.0;
				MARKETING_VERSION = 3.0.0;
				MTL_ENABLE_DEBUG_INFO = INCLUDE_SOURCE;
				MTL_FAST_MATH = YES;
				ONLY_ACTIVE_ARCH = YES;
				PRODUCT_NAME = CatBreak;
				SDKROOT = macosx;
				SWIFT_ACTIVE_COMPILATION_CONDITIONS = DEBUG;
				SWIFT_OPTIMIZATION_LEVEL = "-Onone";
				SWIFT_VERSION = 5.9;
			};
			name = Debug;
		};
		BCE3BB7B928ACF2D45521542 /* AppStore */ = {
			isa = XCBuildConfiguration;
			buildSettings = {
				ALWAYS_SEARCH_USER_PATHS = NO;
				CLANG_ANALYZER_NONNULL = YES;
				CLANG_ANALYZER_NUMBER_OBJECT_CONVERSION = YES_AGGRESSIVE;
				CLANG_CXX_LANGUAGE_STANDARD = "gnu++14";
				CLANG_CXX_LIBRARY = "libc++";
				CLANG_ENABLE_MODULES = YES;
				CLANG_ENABLE_OBJC_ARC = YES;
				CLANG_ENABLE_OBJC_WEAK = YES;
				CLANG_WARN_BLOCK_CAPTURE_AUTORELEASING = YES;
				CLANG_WARN_BOOL_CONVERSION = YES;
				CLANG_WARN_COMMA = YES;
				CLANG_WARN_CONSTANT_CONVERSION = YES;
				CLANG_WARN_DEPRECATED_OBJC_IMPLEMENTATIONS = YES;
				CLANG_WARN_DIRECT_OBJC_ISA_USAGE = YES_ERROR;
				CLANG_WARN_DOCUMENTATION_COMMENTS = YES;
				CLANG_WARN_EMPTY_BODY = YES;
				CLANG_WARN_ENUM_CONVERSION = YES;
				CLANG_WARN_INFINITE_RECURSION = YES;
				CLANG_WARN_INT_CONVERSION = YES;
				CLANG_WARN_NON_LITERAL_NULL_CONVERSION = YES;
				CLANG_WARN_OBJC_IMPLICIT_RETAIN_SELF = YES;
				CLANG_WARN_OBJC_LITERAL_CONVERSION = YES;
				CLANG_WARN_OBJC_ROOT_CLASS = YES_ERROR;
				CLANG_WARN_QUOTED_INCLUDE_IN_FRAMEWORK_HEADER = YES;
				CLANG_WARN_RANGE_LOOP_ANALYSIS = YES;
				CLANG_WARN_STRICT_PROTOTYPES = YES;
				CLANG_WARN_SUSPICIOUS_MOVE = YES;
				CLANG_WARN_UNGUARDED_AVAILABILITY = YES_AGGRESSIVE;
				CLANG_WARN_UNREACHABLE_CODE = YES;
				CLANG_WARN__DUPLICATE_METHOD_MATCH = YES;
				CODE_SIGN_IDENTITY = "-";
				CODE_SIGN_STYLE = Manual;
				COMBINE_HIDPI_IMAGES = YES;
				COPY_PHASE_STRIP = NO;
				CURRENT_PROJECT_VERSION = 1;
				DEBUG_INFORMATION_FORMAT = "dwarf-with-dsym";
				ENABLE_HARDENED_RUNTIME = YES;
				ENABLE_NS_ASSERTIONS = NO;
				ENABLE_STRICT_OBJC_MSGSEND = YES;
				GCC_C_LANGUAGE_STANDARD = gnu11;
				GCC_NO_COMMON_BLOCKS = YES;
				GCC_WARN_64_TO_32_BIT_CONVERSION = YES;
				GCC_WARN_ABOUT_RETURN_TYPE = YES_ERROR;
				GCC_WARN_UNDECLARED_SELECTOR = YES;
				GCC_WARN_UNINITIALIZED_AUTOS = YES_AGGRESSIVE;
				GCC_WARN_UNUSED_FUNCTION = YES;
				GCC_WARN_UNUSED_VARIABLE = YES;
				MACOSX_DEPLOYMENT_TARGET = 13.0;
				MARKETING_VERSION = 3.0.0;
				MTL_ENABLE_DEBUG_INFO = NO;
				MTL_FAST_MATH = YES;
				PRODUCT_NAME = CatBreak;
				SDKROOT = macosx;
				SWIFT_COMPILATION_MODE = wholemodule;
				SWIFT_OPTIMIZATION_LEVEL = "-O";
				SWIFT_VERSION = 5.9;
			};
			name = AppStore;
		};
		D56E3663E1649BED1033B181 /* Release */ = {
			isa = XCBuildConfiguration;
			buildSettings = {
				ASSETCATALOG_COMPILER_APPICON_NAME = AppIcon;
				CODE_SIGN_ENTITLEMENTS = Configs/CatBreak.dmg.entitlements;
				COMBINE_HIDPI_IMAGES = YES;
				ENABLE_APP_SANDBOX = NO;
				ENABLE_HARDENED_RUNTIME = YES;
				INFOPLIST_FILE = Resources/Info.plist;
				LD_RUNPATH_SEARCH_PATHS = "@executable_path/../Frameworks";
				PRODUCT_BUNDLE_IDENTIFIER = com.catbreak.app;
				SDKROOT = macosx;
				SWIFT_ACTIVE_COMPILATION_CONDITIONS = "";
			};
			name = Release;
		};
/* End XCBuildConfiguration section */

/* Begin XCConfigurationList section */
		BCD92BE2F6D8D5990C42F87C /* Build configuration list for PBXNativeTarget "CatBreak" */ = {
			isa = XCConfigurationList;
			buildConfigurations = (
				00B0A1C01DC735F3784EF4B4 /* AppStore */,
				05F92B8AF8FC8E1184AA3E6A /* Debug */,
				D56E3663E1649BED1033B181 /* Release */,
			);
			defaultConfigurationIsVisible = 0;
			defaultConfigurationName = AppStore;
		};
		C5AA5435E1AFB19962F825A5 /* Build configuration list for PBXProject "CatBreak" */ = {
			isa = XCConfigurationList;
			buildConfigurations = (
				BCE3BB7B928ACF2D45521542 /* AppStore */,
				6607399F15E36FB7E63F2984 /* Debug */,
				16C149B285BB12880934C825 /* Release */,
			);
			defaultConfigurationIsVisible = 0;
			defaultConfigurationName = AppStore;
		};
/* End XCConfigurationList section */
	};
	rootObject = 43B8BF694B744F1E9158CDB3 /* Project object */;
}
